
Microsoft Visual Studio Solution File, Format Version 12.00
# Visual Studio 15
VisualStudioVersion = 15.0.27703.2042
MinimumVisualStudioVersion = 10.0.40219.1
Project("{FAE04EC0-301F-11D3-BF4B-00C04F79EFBC}") = "LoveMotherDataService1", "LoveMotherDataService1\LoveMotherDataService1.csproj", "{908AF549-0CCE-404F-B3EA-08DD33AA5446}"
EndProject
Global
	GlobalSection(SolutionConfigurationPlatforms) = preSolution
		Debug|Any CPU = Debug|Any CPU
		Release|Any CPU = Release|Any CPU
	EndGlobalSection
	GlobalSection(ProjectConfigurationPlatforms) = postSolution
		{908AF549-0CCE-404F-B3EA-08DD33AA5446}.Debug|Any CPU.ActiveCfg = Debug|Any CPU
		{908AF549-0CCE-404F-B3EA-08DD33AA5446}.Debug|Any CPU.Build.0 = Debug|Any CPU
		{908AF549-0CCE-404F-B3EA-08DD33AA5446}.Release|Any CPU.ActiveCfg = Release|Any CPU
		{908AF549-0CCE-404F-B3EA-08DD33AA5446}.Release|Any CPU.Build.0 = Release|Any CPU
	EndGlobalSection
	GlobalSection(SolutionProperties) = preSolution
		HideSolutionNode = FALSE
	EndGlobalSection
	GlobalSection(ExtensibilityGlobals) = postSolution
		SolutionGuid = {8F7A2AD7-CFAA-4459-831B-EAFAFF4335C9}
	EndGlobalSection
EndGlobal
